
Microsoft Visual Studio Solution File, Format Version 12.00
# Visual Studio Version 17
VisualStudioVersion = 17.9.34728.123
MinimumVisualStudioVersion = 10.0.40219.1
Project("{FAE04EC0-301F-11D3-BF4B-00C04F79EFBC}") = "PREFINALS_AUTH_CANTONJOS_ARMAN", "PREFINALS_AUTH_CANTONJOS_ARMAN\PREFINALS_AUTH_CANTONJOS_ARMAN.csproj", "{A596F915-9487-45AD-945B-7DCAA98A5567}"
EndProject
Project("{FAE04EC0-301F-11D3-BF4B-00C04F79EFBC}") = "ProtectedApi", "ProtectedApi\ProtectedApi.csproj", "{44EE2816-9D0D-459C-9BED-B03E1B2F49AF}"
EndProject
Project("{FAE04EC0-301F-11D3-BF4B-00C04F79EFBC}") = "AuthServer", "AuthServer\AuthServer.csproj", "{3834A1AD-672B-4B28-8BAA-B047787A91E8}"
EndProject
Global
	GlobalSection(SolutionConfigurationPlatforms) = preSolution
		Debug|Any CPU = Debug|Any CPU
		Release|Any CPU = Release|Any CPU
	EndGlobalSection
	GlobalSection(ProjectConfigurationPlatforms) = postSolution
		{A596F915-9487-45AD-945B-7DCAA98A5567}.Debug|Any CPU.ActiveCfg = Debug|Any CPU
		{A596F915-9487-45AD-945B-7DCAA98A5567}.Debug|Any CPU.Build.0 = Debug|Any CPU
		{A596F915-9487-45AD-945B-7DCAA98A5567}.Release|Any CPU.ActiveCfg = Release|Any CPU
		{A596F915-9487-45AD-945B-7DCAA98A5567}.Release|Any CPU.Build.0 = Release|Any CPU
		{44EE2816-9D0D-459C-9BED-B03E1B2F49AF}.Debug|Any CPU.ActiveCfg = Debug|Any CPU
		{44EE2816-9D0D-459C-9BED-B03E1B2F49AF}.Debug|Any CPU.Build.0 = Debug|Any CPU
		{44EE2816-9D0D-459C-9BED-B03E1B2F49AF}.Release|Any CPU.ActiveCfg = Release|Any CPU
		{44EE2816-9D0D-459C-9BED-B03E1B2F49AF}.Release|Any CPU.Build.0 = Release|Any CPU
		{3834A1AD-672B-4B28-8BAA-B047787A91E8}.Debug|Any CPU.ActiveCfg = Debug|Any CPU
		{3834A1AD-672B-4B28-8BAA-B047787A91E8}.Debug|Any CPU.Build.0 = Debug|Any CPU
		{3834A1AD-672B-4B28-8BAA-B047787A91E8}.Release|Any CPU.ActiveCfg = Release|Any CPU
		{3834A1AD-672B-4B28-8BAA-B047787A91E8}.Release|Any CPU.Build.0 = Release|Any CPU
	EndGlobalSection
	GlobalSection(SolutionProperties) = preSolution
		HideSolutionNode = FALSE
	EndGlobalSection
	GlobalSection(ExtensibilityGlobals) = postSolution
		SolutionGuid = {8EA0455B-2A17-4107-8DEB-6919D2CB4703}
	EndGlobalSection
EndGlobal
